
Microsoft Visual Studio Solution File, Format Version 12.00
# Visual Studio 15
VisualStudioVersion = 15.0.27130.2010
MinimumVisualStudioVersion = 10.0.40219.1
Project("{FAE04EC0-301F-11D3-BF4B-00C04F79EFBC}") = "TicTacToe", "TicTacToe\TicTacToe.csproj", "{C272927F-3676-4D48-BC41-957119A8A913}"
EndProject
Global
	GlobalSection(SolutionConfigurationPlatforms) = preSolution
		Debug|Any CPU = Debug|Any CPU
		Release|Any CPU = Release|Any CPU
	EndGlobalSection
	GlobalSection(ProjectConfigurationPlatforms) = postSolution
		{C272927F-3676-4D48-BC41-957119A8A913}.Debug|Any CPU.ActiveCfg = Debug|Any CPU
		{C272927F-3676-4D48-BC41-957119A8A913}.Debug|Any CPU.Build.0 = Debug|Any CPU
		{C272927F-3676-4D48-BC41-957119A8A913}.Release|Any CPU.ActiveCfg = Release|Any CPU
		{C272927F-3676-4D48-BC41-957119A8A913}.Release|Any CPU.Build.0 = Release|Any CPU
	EndGlobalSection
	GlobalSection(SolutionProperties) = preSolution
		HideSolutionNode = FALSE
	EndGlobalSection
	GlobalSection(ExtensibilityGlobals) = postSolution
		SolutionGuid = {DAF0A39A-1286-41D8-AB8E-18562750B9C0}
	EndGlobalSection
EndGlobal
